
Microsoft Visual Studio Solution File, Format Version 12.00
# Visual Studio Version 17
VisualStudioVersion = 17.10.35013.160
MinimumVisualStudioVersion = 10.0.40219.1
Project("{FAE04EC0-301F-11D3-BF4B-00C04F79EFBC}") = "SnakeGame", "SnakeGame.csproj", "{B93007A2-9D77-44DA-8650-96BBAD94A7C3}"
EndProject
Global
	GlobalSection(SolutionConfigurationPlatforms) = preSolution
		Debug|Any CPU = Debug|Any CPU
		Release|Any CPU = Release|Any CPU
	EndGlobalSection
	GlobalSection(ProjectConfigurationPlatforms) = postSolution
		{B93007A2-9D77-44DA-8650-96BBAD94A7C3}.Debug|Any CPU.ActiveCfg = Debug|Any CPU
		{B93007A2-9D77-44DA-8650-96BBAD94A7C3}.Debug|Any CPU.Build.0 = Debug|Any CPU
		{B93007A2-9D77-44DA-8650-96BBAD94A7C3}.Release|Any CPU.ActiveCfg = Release|Any CPU
		{B93007A2-9D77-44DA-8650-96BBAD94A7C3}.Release|Any CPU.Build.0 = Release|Any CPU
	EndGlobalSection
	GlobalSection(SolutionProperties) = preSolution
		HideSolutionNode = FALSE
	EndGlobalSection
	GlobalSection(ExtensibilityGlobals) = postSolution
		SolutionGuid = {862CE7E5-3C46-4736-88F9-3020C4498930}
	EndGlobalSection
EndGlobal
